// !$*UTF8*$!
{
	archiveVersion = 1;
	classes = {
	};
	objectVersion = 51;
	objects = {

/* Begin PBXBuildFile section */
		A947A22524B07332DAE48CF3 /* Pods_apiApp.framework in Frameworks */ = {isa = PBXBuildFile; fileRef = 9459E83EC83E1EC043E1B834 /* Pods_apiApp.framework */; };
		B219D494260CD6A1003BC39F /* Date+Extensions.swift in Sources */ = {isa = PBXBuildFile; fileRef = B219D493260CD6A1003BC39F /* Date+Extensions.swift */; };
		B22679F225FFEB700079BE9C /* SearchTableViewCell.swift in Sources */ = {isa = PBXBuildFile; fileRef = B22679F125FFEB700079BE9C /* SearchTableViewCell.swift */; };
		B22D3D3525FF82C80023DAD3 /* AppDelegate.swift in Sources */ = {isa = PBXBuildFile; fileRef = B22D3D3425FF82C80023DAD3 /* AppDelegate.swift */; };
		B22D3D3725FF82C80023DAD3 /* SceneDelegate.swift in Sources */ = {isa = PBXBuildFile; fileRef = B22D3D3625FF82C80023DAD3 /* SceneDelegate.swift */; };
		B22D3D3C25FF82C80023DAD3 /* Main.storyboard in Resources */ = {isa = PBXBuildFile; fileRef = B22D3D3A25FF82C80023DAD3 /* Main.storyboard */; };
		B22D3D3E25FF82C80023DAD3 /* Assets.xcassets in Resources */ = {isa = PBXBuildFile; fileRef = B22D3D3D25FF82C80023DAD3 /* Assets.xcassets */; };
		B22D3D4125FF82C80023DAD3 /* LaunchScreen.storyboard in Resources */ = {isa = PBXBuildFile; fileRef = B22D3D3F25FF82C80023DAD3 /* LaunchScreen.storyboard */; };
		B22D3D4A25FF833C0023DAD3 /* Podfile in Resources */ = {isa = PBXBuildFile; fileRef = B22D3D4925FF833C0023DAD3 /* Podfile */; };
		B23C0868261514B200CCDF02 /* UIColor+Extension.swift in Sources */ = {isa = PBXBuildFile; fileRef = B23C0867261514B200CCDF02 /* UIColor+Extension.swift */; };
		B2457AB72608DFA0008DBB7A /* CalculatorTableViewController.swift in Sources */ = {isa = PBXBuildFile; fileRef = B2457AB62608DFA0008DBB7A /* CalculatorTableViewController.swift */; };
		B2457ABA2608E0F1008DBB7A /* Asset.swift in Sources */ = {isa = PBXBuildFile; fileRef = B2457AB92608E0F1008DBB7A /* Asset.swift */; };
		B2457ABE2608E882008DBB7A /* String+Extensions.swift in Sources */ = {isa = PBXBuildFile; fileRef = B2457ABD2608E882008DBB7A /* String+Extensions.swift */; };
		B24E6EB525FFEE28008FEF7C /* SearchTableViewController.swift in Sources */ = {isa = PBXBuildFile; fileRef = B24E6EB425FFEE28008FEF7C /* SearchTableViewController.swift */; };
		B24E6EC625FFF140008FEF7C /* APIServices.swift in Sources */ = {isa = PBXBuildFile; fileRef = B24E6EC525FFF140008FEF7C /* APIServices.swift */; };
		B24E6ECA25FFF8AC008FEF7C /* SearchResults.swift in Sources */ = {isa = PBXBuildFile; fileRef = B24E6EC925FFF8AC008FEF7C /* SearchResults.swift */; };
		B27046B3260B6D4B00EE2FAB /* UITextField+Extensions.swift in Sources */ = {isa = PBXBuildFile; fileRef = B27046B2260B6D4B00EE2FAB /* UITextField+Extensions.swift */; };
		B2748F77261E0A3E00370325 /* apiAppTests.swift in Sources */ = {isa = PBXBuildFile; fileRef = B2748F76261E0A3E00370325 /* apiAppTests.swift */; };
		B28ADB6526078AAB0093B4DE /* TimeSeriesMonthlyAdjusted.swift in Sources */ = {isa = PBXBuildFile; fileRef = B28ADB6426078AAB0093B4DE /* TimeSeriesMonthlyAdjusted.swift */; };
		B290B2E3260D3FD100C3E4EA /* Int+Extensions.swift in Sources */ = {isa = PBXBuildFile; fileRef = B290B2E2260D3FD100C3E4EA /* Int+Extensions.swift */; };
		B2A63B68260BD5F4000FC9D7 /* DateSelectionTableViewController.swift in Sources */ = {isa = PBXBuildFile; fileRef = B2A63B67260BD5F4000FC9D7 /* DateSelectionTableViewController.swift */; };
		B2AB425B261288F4004392FA /* DCAService.swift in Sources */ = {isa = PBXBuildFile; fileRef = B2AB425A261288F4004392FA /* DCAService.swift */; };
		B2E0BFE82614BC9A00402D6E /* Double+Extensions.swift in Sources */ = {isa = PBXBuildFile; fileRef = B2E0BFE72614BC9A00402D6E /* Double+Extensions.swift */; };
		B2F1FE1F260159B500A6F54E /* SearchPlaceHolderView.swift in Sources */ = {isa = PBXBuildFile; fileRef = B2F1FE1E260159B500A6F54E /* SearchPlaceHolderView.swift */; };
		B2F1FE232601602400A6F54E /* UIAnimatable.swift in Sources */ = {isa = PBXBuildFile; fileRef = B2F1FE222601602400A6F54E /* UIAnimatable.swift */; };
/* End PBXBuildFile section */

/* Begin PBXContainerItemProxy section */
		B2748F79261E0A3E00370325 /* PBXContainerItemProxy */ = {
			isa = PBXContainerItemProxy;
			containerPortal = B22D3D2925FF82C80023DAD3 /* Project object */;
			proxyType = 1;
			remoteGlobalIDString = B22D3D3025FF82C80023DAD3;
			remoteInfo = apiApp;
		};
/* End PBXContainerItemProxy section */

/* Begin PBXFileReference section */
		6033BA5F392232F099C679FB /* Pods-apiApp.release.xcconfig */ = {isa = PBXFileReference; includeInIndex = 1; lastKnownFileType = text.xcconfig; name = "Pods-apiApp.release.xcconfig"; path = "Target Support Files/Pods-apiApp/Pods-apiApp.release.xcconfig"; sourceTree = "<group>"; };
		9459E83EC83E1EC043E1B834 /* Pods_apiApp.framework */ = {isa = PBXFileReference; explicitFileType = wrapper.framework; includeInIndex = 0; path = Pods_apiApp.framework; sourceTree = BUILT_PRODUCTS_DIR; };
		B219D493260CD6A1003BC39F /* Date+Extensions.swift */ = {isa = PBXFileReference; lastKnownFileType = sourcecode.swift; path = "Date+Extensions.swift"; sourceTree = "<group>"; };
		B22679F125FFEB700079BE9C /* SearchTableViewCell.swift */ = {isa = PBXFileReference; lastKnownFileType = sourcecode.swift; path = SearchTableViewCell.swift; sourceTree = "<group>"; };
		B22D3D3125FF82C80023DAD3 /* apiApp.app */ = {isa = PBXFileReference; explicitFileType = wrapper.application; includeInIndex = 0; path = apiApp.app; sourceTree = BUILT_PRODUCTS_DIR; };
		B22D3D3425FF82C80023DAD3 /* AppDelegate.swift */ = {isa = PBXFileReference; lastKnownFileType = sourcecode.swift; path = AppDelegate.swift; sourceTree = "<group>"; };
		B22D3D3625FF82C80023DAD3 /* SceneDelegate.swift */ = {isa = PBXFileReference; lastKnownFileType = sourcecode.swift; path = SceneDelegate.swift; sourceTree = "<group>"; };
		B22D3D3B25FF82C80023DAD3 /* Base */ = {isa = PBXFileReference; lastKnownFileType = file.storyboard; name = Base; path = Base.lproj/Main.storyboard; sourceTree = "<group>"; };
		B22D3D3D25FF82C80023DAD3 /* Assets.xcassets */ = {isa = PBXFileReference; lastKnownFileType = folder.assetcatalog; path = Assets.xcassets; sourceTree = "<group>"; };
		B22D3D4025FF82C80023DAD3 /* Base */ = {isa = PBXFileReference; lastKnownFileType = file.storyboard; name = Base; path = Base.lproj/LaunchScreen.storyboard; sourceTree = "<group>"; };
		B22D3D4225FF82C80023DAD3 /* Info.plist */ = {isa = PBXFileReference; lastKnownFileType = text.plist.xml; path = Info.plist; sourceTree = "<group>"; };
		B22D3D4925FF833C0023DAD3 /* Podfile */ = {isa = PBXFileReference; fileEncoding = 4; lastKnownFileType = text; path = Podfile; sourceTree = "<group>"; xcLanguageSpecificationIdentifier = xcode.lang.ruby; };
		B23C0867261514B200CCDF02 /* UIColor+Extension.swift */ = {isa = PBXFileReference; lastKnownFileType = sourcecode.swift; path = "UIColor+Extension.swift"; sourceTree = "<group>"; };
		B2457AB62608DFA0008DBB7A /* CalculatorTableViewController.swift */ = {isa = PBXFileReference; lastKnownFileType = sourcecode.swift; path = CalculatorTableViewController.swift; sourceTree = "<group>"; };
		B2457AB92608E0F1008DBB7A /* Asset.swift */ = {isa = PBXFileReference; lastKnownFileType = sourcecode.swift; path = Asset.swift; sourceTree = "<group>"; };
		B2457ABD2608E882008DBB7A /* String+Extensions.swift */ = {isa = PBXFileReference; lastKnownFileType = sourcecode.swift; path = "String+Extensions.swift"; sourceTree = "<group>"; };
		B24E6EB425FFEE28008FEF7C /* SearchTableViewController.swift */ = {isa = PBXFileReference; lastKnownFileType = sourcecode.swift; path = SearchTableViewController.swift; sourceTree = "<group>"; };
		B24E6EC525FFF140008FEF7C /* APIServices.swift */ = {isa = PBXFileReference; lastKnownFileType = sourcecode.swift; path = APIServices.swift; sourceTree = "<group>"; };
		B24E6EC925FFF8AC008FEF7C /* SearchResults.swift */ = {isa = PBXFileReference; lastKnownFileType = sourcecode.swift; path = SearchResults.swift; sourceTree = "<group>"; };
		B27046B2260B6D4B00EE2FAB /* UITextField+Extensions.swift */ = {isa = PBXFileReference; lastKnownFileType = sourcecode.swift; path = "UITextField+Extensions.swift"; sourceTree = "<group>"; };
		B2748F74261E0A3E00370325 /* apiAppTests.xctest */ = {isa = PBXFileReference; explicitFileType = wrapper.cfbundle; includeInIndex = 0; path = apiAppTests.xctest; sourceTree = BUILT_PRODUCTS_DIR; };
		B2748F76261E0A3E00370325 /* apiAppTests.swift */ = {isa = PBXFileReference; lastKnownFileType = sourcecode.swift; path = apiAppTests.swift; sourceTree = "<group>"; };
		B2748F78261E0A3E00370325 /* Info.plist */ = {isa = PBXFileReference; lastKnownFileType = text.plist.xml; path = Info.plist; sourceTree = "<group>"; };
		B28ADB6426078AAB0093B4DE /* TimeSeriesMonthlyAdjusted.swift */ = {isa = PBXFileReference; lastKnownFileType = sourcecode.swift; path = TimeSeriesMonthlyAdjusted.swift; sourceTree = "<group>"; };
		B290B2E2260D3FD100C3E4EA /* Int+Extensions.swift */ = {isa = PBXFileReference; lastKnownFileType = sourcecode.swift; path = "Int+Extensions.swift"; sourceTree = "<group>"; };
		B2A63B67260BD5F4000FC9D7 /* DateSelectionTableViewController.swift */ = {isa = PBXFileReference; lastKnownFileType = sourcecode.swift; path = DateSelectionTableViewController.swift; sourceTree = "<group>"; };
		B2AB425A261288F4004392FA /* DCAService.swift */ = {isa = PBXFileReference; lastKnownFileType = sourcecode.swift; path = DCAService.swift; sourceTree = "<group>"; };
		B2E0BFE72614BC9A00402D6E /* Double+Extensions.swift */ = {isa = PBXFileReference; lastKnownFileType = sourcecode.swift; path = "Double+Extensions.swift"; sourceTree = "<group>"; };
		B2F1FE1E260159B500A6F54E /* SearchPlaceHolderView.swift */ = {isa = PBXFileReference; lastKnownFileType = sourcecode.swift; path = SearchPlaceHolderView.swift; sourceTree = "<group>"; };
		B2F1FE222601602400A6F54E /* UIAnimatable.swift */ = {isa = PBXFileReference; lastKnownFileType = sourcecode.swift; path = UIAnimatable.swift; sourceTree = "<group>"; };
		D1873110398628F6080541D2 /* Pods-apiApp.debug.xcconfig */ = {isa = PBXFileReference; includeInIndex = 1; lastKnownFileType = text.xcconfig; name = "Pods-apiApp.debug.xcconfig"; path = "Target Support Files/Pods-apiApp/Pods-apiApp.debug.xcconfig"; sourceTree = "<group>"; };
/* End PBXFileReference section */

/* Begin PBXFrameworksBuildPhase section */
		B22D3D2E25FF82C80023DAD3 /* Frameworks */ = {
			isa = PBXFrameworksBuildPhase;
			buildActionMask = 2147483647;
			files = (
				A947A22524B07332DAE48CF3 /* Pods_apiApp.framework in Frameworks */,
			);
			runOnlyForDeploymentPostprocessing = 0;
		};
		B2748F71261E0A3E00370325 /* Frameworks */ = {
			isa = PBXFrameworksBuildPhase;
			buildActionMask = 2147483647;
			files = (
			);
			runOnlyForDeploymentPostprocessing = 0;
		};
/* End PBXFrameworksBuildPhase section */

/* Begin PBXGroup section */
		A48A8BF620ABF0F771083836 /* Frameworks */ = {
			isa = PBXGroup;
			children = (
				9459E83EC83E1EC043E1B834 /* Pods_apiApp.framework */,
			);
			name = Frameworks;
			sourceTree = "<group>";
		};
		B22679E525FFDE4F0079BE9C /* view */ = {
			isa = PBXGroup;
			children = (
				B22679F125FFEB700079BE9C /* SearchTableViewCell.swift */,
				B2F1FE1E260159B500A6F54E /* SearchPlaceHolderView.swift */,
			);
			path = view;
			sourceTree = "<group>";
		};
		B22D3D2825FF82C80023DAD3 = {
			isa = PBXGroup;
			children = (
				B22D3D4925FF833C0023DAD3 /* Podfile */,
				B22D3D3325FF82C80023DAD3 /* apiApp */,
				B2748F75261E0A3E00370325 /* apiAppTests */,
				B22D3D3225FF82C80023DAD3 /* Products */,
				E91FD5639C6846812CEF8AE0 /* Pods */,
				A48A8BF620ABF0F771083836 /* Frameworks */,
			);
			sourceTree = "<group>";
		};
		B22D3D3225FF82C80023DAD3 /* Products */ = {
			isa = PBXGroup;
			children = (
				B22D3D3125FF82C80023DAD3 /* apiApp.app */,
				B2748F74261E0A3E00370325 /* apiAppTests.xctest */,
			);
			name = Products;
			sourceTree = "<group>";
		};
		B22D3D3325FF82C80023DAD3 /* apiApp */ = {
			isa = PBXGroup;
			children = (
				B2457ABC2608E85D008DBB7A /* extensions */,
				B2F1FE2126015FFF00A6F54E /* protocol */,
				B24E6EC825FFF895008FEF7C /* model */,
				B24E6EC425FFF126008FEF7C /* service */,
				B24E6EC125FFF049008FEF7C /* Controller */,
				B22679E525FFDE4F0079BE9C /* view */,
				B22D3D3425FF82C80023DAD3 /* AppDelegate.swift */,
				B22D3D3625FF82C80023DAD3 /* SceneDelegate.swift */,
				B22D3D3A25FF82C80023DAD3 /* Main.storyboard */,
				B22D3D3D25FF82C80023DAD3 /* Assets.xcassets */,
				B22D3D3F25FF82C80023DAD3 /* LaunchScreen.storyboard */,
				B22D3D4225FF82C80023DAD3 /* Info.plist */,
			);
			path = apiApp;
			sourceTree = "<group>";
		};
		B2457ABC2608E85D008DBB7A /* extensions */ = {
			isa = PBXGroup;
			children = (
				B2457ABD2608E882008DBB7A /* String+Extensions.swift */,
				B27046B2260B6D4B00EE2FAB /* UITextField+Extensions.swift */,
				B219D493260CD6A1003BC39F /* Date+Extensions.swift */,
				B290B2E2260D3FD100C3E4EA /* Int+Extensions.swift */,
				B2E0BFE72614BC9A00402D6E /* Double+Extensions.swift */,
				B23C0867261514B200CCDF02 /* UIColor+Extension.swift */,
			);
			path = extensions;
			sourceTree = "<group>";
		};
		B24E6EC125FFF049008FEF7C /* Controller */ = {
			isa = PBXGroup;
			children = (
				B24E6EB425FFEE28008FEF7C /* SearchTableViewController.swift */,
				B2457AB62608DFA0008DBB7A /* CalculatorTableViewController.swift */,
				B2A63B67260BD5F4000FC9D7 /* DateSelectionTableViewController.swift */,
			);
			path = Controller;
			sourceTree = "<group>";
		};
		B24E6EC425FFF126008FEF7C /* service */ = {
			isa = PBXGroup;
			children = (
				B24E6EC525FFF140008FEF7C /* APIServices.swift */,
				B2AB425A261288F4004392FA /* DCAService.swift */,
			);
			path = service;
			sourceTree = "<group>";
		};
		B24E6EC825FFF895008FEF7C /* model */ = {
			isa = PBXGroup;
			children = (
				B24E6EC925FFF8AC008FEF7C /* SearchResults.swift */,
				B28ADB6426078AAB0093B4DE /* TimeSeriesMonthlyAdjusted.swift */,
				B2457AB92608E0F1008DBB7A /* Asset.swift */,
			);
			path = model;
			sourceTree = "<group>";
		};
		B2748F75261E0A3E00370325 /* apiAppTests */ = {
			isa = PBXGroup;
			children = (
				B2748F76261E0A3E00370325 /* apiAppTests.swift */,
				B2748F78261E0A3E00370325 /* Info.plist */,
			);
			path = apiAppTests;
			sourceTree = "<group>";
		};
		B2F1FE2126015FFF00A6F54E /* protocol */ = {
			isa = PBXGroup;
			children = (
				B2F1FE222601602400A6F54E /* UIAnimatable.swift */,
			);
			path = protocol;
			sourceTree = "<group>";
		};
		E91FD5639C6846812CEF8AE0 /* Pods */ = {
			isa = PBXGroup;
			children = (
				D1873110398628F6080541D2 /* Pods-apiApp.debug.xcconfig */,
				6033BA5F392232F099C679FB /* Pods-apiApp.release.xcconfig */,
			);
			path = Pods;
			sourceTree = "<group>";
		};
/* End PBXGroup section */

/* Begin PBXNativeTarget section */
		B22D3D3025FF82C80023DAD3 /* apiApp */ = {
			isa = PBXNativeTarget;
			buildConfigurationList = B22D3D4525FF82C80023DAD3 /* Build configuration list for PBXNativeTarget "apiApp" */;
			buildPhases = (
				9E937114D87FAEC69167E25B /* [CP] Check Pods Manifest.lock */,
				B22D3D2D25FF82C80023DAD3 /* Sources */,
				B22D3D2E25FF82C80023DAD3 /* Frameworks */,
				B22D3D2F25FF82C80023DAD3 /* Resources */,
				23F8A9CA5BDA20C2A75AE511 /* [CP] Embed Pods Frameworks */,
			);
			buildRules = (
			);
			dependencies = (
			);
			name = apiApp;
			productName = apiApp;
			productReference = B22D3D3125FF82C80023DAD3 /* apiApp.app */;
			productType = "com.apple.product-type.application";
		};
		B2748F73261E0A3E00370325 /* apiAppTests */ = {
			isa = PBXNativeTarget;
			buildConfigurationList = B2748F7B261E0A3E00370325 /* Build configuration list for PBXNativeTarget "apiAppTests" */;
			buildPhases = (
				B2748F70261E0A3E00370325 /* Sources */,
				B2748F71261E0A3E00370325 /* Frameworks */,
				B2748F72261E0A3E00370325 /* Resources */,
			);
			buildRules = (
			);
			dependencies = (
				B2748F7A261E0A3E00370325 /* PBXTargetDependency */,
			);
			name = apiAppTests;
			productName = apiAppTests;
			productReference = B2748F74261E0A3E00370325 /* apiAppTests.xctest */;
			productType = "com.apple.product-type.bundle.unit-test";
		};
/* End PBXNativeTarget section */

/* Begin PBXProject section */
		B22D3D2925FF82C80023DAD3 /* Project object */ = {
			isa = PBXProject;
			attributes = {
				LastSwiftUpdateCheck = 1240;
				LastUpgradeCheck = 1240;
				TargetAttributes = {
					B22D3D3025FF82C80023DAD3 = {
						CreatedOnToolsVersion = 12.4;
					};
					B2748F73261E0A3E00370325 = {
						CreatedOnToolsVersion = 12.4;
						TestTargetID = B22D3D3025FF82C80023DAD3;
					};
				};
			};
			buildConfigurationList = B22D3D2C25FF82C80023DAD3 /* Build configuration list for PBXProject "apiApp" */;
			compatibilityVersion = "Xcode 9.3";
			developmentRegion = en;
			hasScannedForEncodings = 0;
			knownRegions = (
				en,
				Base,
			);
			mainGroup = B22D3D2825FF82C80023DAD3;
			productRefGroup = B22D3D3225FF82C80023DAD3 /* Products */;
			projectDirPath = "";
			projectRoot = "";
			targets = (
				B22D3D3025FF82C80023DAD3 /* apiApp */,
				B2748F73261E0A3E00370325 /* apiAppTests */,
			);
		};
/* End PBXProject section */

/* Begin PBXResourcesBuildPhase section */
		B22D3D2F25FF82C80023DAD3 /* Resources */ = {
			isa = PBXResourcesBuildPhase;
			buildActionMask = 2147483647;
			files = (
				B22D3D4125FF82C80023DAD3 /* LaunchScreen.storyboard in Resources */,
				B22D3D3E25FF82C80023DAD3 /* Assets.xcassets in Resources */,
				B22D3D4A25FF833C0023DAD3 /* Podfile in Resources */,
				B22D3D3C25FF82C80023DAD3 /* Main.storyboard in Resources */,
			);
			runOnlyForDeploymentPostprocessing = 0;
		};
		B2748F72261E0A3E00370325 /* Resources */ = {
			isa = PBXResourcesBuildPhase;
			buildActionMask = 2147483647;
			files = (
			);
			runOnlyForDeploymentPostprocessing = 0;
		};
/* End PBXResourcesBuildPhase section */

/* Begin PBXShellScriptBuildPhase section */
		23F8A9CA5BDA20C2A75AE511 /* [CP] Embed Pods Frameworks */ = {
			isa = PBXShellScriptBuildPhase;
			buildActionMask = 2147483647;
			files = (
			);
			inputFileListPaths = (
				"${PODS_ROOT}/Target Support Files/Pods-apiApp/Pods-apiApp-frameworks-${CONFIGURATION}-input-files.xcfilelist",
			);
			name = "[CP] Embed Pods Frameworks";
			outputFileListPaths = (
				"${PODS_ROOT}/Target Support Files/Pods-apiApp/Pods-apiApp-frameworks-${CONFIGURATION}-output-files.xcfilelist",
			);
			runOnlyForDeploymentPostprocessing = 0;
			shellPath = /bin/sh;
			shellScript = "\"${PODS_ROOT}/Target Support Files/Pods-apiApp/Pods-apiApp-frameworks.sh\"\n";
			showEnvVarsInLog = 0;
		};
		9E937114D87FAEC69167E25B /* [CP] Check Pods Manifest.lock */ = {
			isa = PBXShellScriptBuildPhase;
			buildActionMask = 2147483647;
			files = (
			);
			inputFileListPaths = (
			);
			inputPaths = (
				"${PODS_PODFILE_DIR_PATH}/Podfile.lock",
				"${PODS_ROOT}/Manifest.lock",
			);
			name = "[CP] Check Pods Manifest.lock";
			outputFileListPaths = (
			);
			outputPaths = (
				"$(DERIVED_FILE_DIR)/Pods-apiApp-checkManifestLockResult.txt",
			);
			runOnlyForDeploymentPostprocessing = 0;
			shellPath = /bin/sh;
			shellScript = "diff \"${PODS_PODFILE_DIR_PATH}/Podfile.lock\" \"${PODS_ROOT}/Manifest.lock\" > /dev/null\nif [ $? != 0 ] ; then\n    # print error to STDERR\n    echo \"error: The sandbox is not in sync with the Podfile.lock. Run 'pod install' or update your CocoaPods installation.\" >&2\n    exit 1\nfi\n# This output is used by Xcode 'outputs' to avoid re-running this script phase.\necho \"SUCCESS\" > \"${SCRIPT_OUTPUT_FILE_0}\"\n";
			showEnvVarsInLog = 0;
		};
/* End PBXShellScriptBuildPhase section */

/* Begin PBXSourcesBuildPhase section */
		B22D3D2D25FF82C80023DAD3 /* Sources */ = {
			isa = PBXSourcesBuildPhase;
			buildActionMask = 2147483647;
			files = (
				B2A63B68260BD5F4000FC9D7 /* DateSelectionTableViewController.swift in Sources */,
				B23C0868261514B200CCDF02 /* UIColor+Extension.swift in Sources */,
				B22679F225FFEB700079BE9C /* SearchTableViewCell.swift in Sources */,
				B2F1FE232601602400A6F54E /* UIAnimatable.swift in Sources */,
				B22D3D3525FF82C80023DAD3 /* AppDelegate.swift in Sources */,
				B2E0BFE82614BC9A00402D6E /* Double+Extensions.swift in Sources */,
				B2457ABA2608E0F1008DBB7A /* Asset.swift in Sources */,
				B290B2E3260D3FD100C3E4EA /* Int+Extensions.swift in Sources */,
				B2457ABE2608E882008DBB7A /* String+Extensions.swift in Sources */,
				B2457AB72608DFA0008DBB7A /* CalculatorTableViewController.swift in Sources */,
				B2F1FE1F260159B500A6F54E /* SearchPlaceHolderView.swift in Sources */,
				B219D494260CD6A1003BC39F /* Date+Extensions.swift in Sources */,
				B22D3D3725FF82C80023DAD3 /* SceneDelegate.swift in Sources */,
				B2AB425B261288F4004392FA /* DCAService.swift in Sources */,
				B28ADB6526078AAB0093B4DE /* TimeSeriesMonthlyAdjusted.swift in Sources */,
				B24E6EB525FFEE28008FEF7C /* SearchTableViewController.swift in Sources */,
				B27046B3260B6D4B00EE2FAB /* UITextField+Extensions.swift in Sources */,
				B24E6ECA25FFF8AC008FEF7C /* SearchResults.swift in Sources */,
				B24E6EC625FFF140008FEF7C /* APIServices.swift in Sources */,
			);
			runOnlyForDeploymentPostprocessing = 0;
		};
		B2748F70261E0A3E00370325 /* Sources */ = {
			isa = PBXSourcesBuildPhase;
			buildActionMask = 2147483647;
			files = (
				B2748F77261E0A3E00370325 /* apiAppTests.swift in Sources */,
			);
			runOnlyForDeploymentPostprocessing = 0;
		};
/* End PBXSourcesBuildPhase section */

/* Begin PBXTargetDependency section */
		B2748F7A261E0A3E00370325 /* PBXTargetDependency */ = {
			isa = PBXTargetDependency;
			target = B22D3D3025FF82C80023DAD3 /* apiApp */;
			targetProxy = B2748F79261E0A3E00370325 /* PBXContainerItemProxy */;
		};
/* End PBXTargetDependency section */

/* Begin PBXVariantGroup section */
		B22D3D3A25FF82C80023DAD3 /* Main.storyboard */ = {
			isa = PBXVariantGroup;
			children = (
				B22D3D3B25FF82C80023DAD3 /* Base */,
			);
			name = Main.storyboard;
			sourceTree = "<group>";
		};
		B22D3D3F25FF82C80023DAD3 /* LaunchScreen.storyboard */ = {
			isa = PBXVariantGroup;
			children = (
				B22D3D4025FF82C80023DAD3 /* Base */,
			);
			name = LaunchScreen.storyboard;
			sourceTree = "<group>";
		};
/* End PBXVariantGroup section */

/* Begin XCBuildConfiguration section */
		B22D3D4325FF82C80023DAD3 /* Debug */ = {
			isa = XCBuildConfiguration;
			buildSettings = {
				ALWAYS_SEARCH_USER_PATHS = NO;
				CLANG_ANALYZER_NONNULL = YES;
				CLANG_ANALYZER_NUMBER_OBJECT_CONVERSION = YES_AGGRESSIVE;
				CLANG_CXX_LANGUAGE_STANDARD = "gnu++14";
				CLANG_CXX_LIBRARY = "libc++";
				CLANG_ENABLE_MODULES = YES;
				CLANG_ENABLE_OBJC_ARC = YES;
				CLANG_ENABLE_OBJC_WEAK = YES;
				CLANG_WARN_BLOCK_CAPTURE_AUTORELEASING = YES;
				CLANG_WARN_BOOL_CONVERSION = YES;
				CLANG_WARN_COMMA = YES;
				CLANG_WARN_CONSTANT_CONVERSION = YES;
				CLANG_WARN_DEPRECATED_OBJC_IMPLEMENTATIONS = YES;
				CLANG_WARN_DIRECT_OBJC_ISA_USAGE = YES_ERROR;
				CLANG_WARN_DOCUMENTATION_COMMENTS = YES;
				CLANG_WARN_EMPTY_BODY = YES;
				CLANG_WARN_ENUM_CONVERSION = YES;
				CLANG_WARN_INFINITE_RECURSION = YES;
				CLANG_WARN_INT_CONVERSION = YES;
				CLANG_WARN_NON_LITERAL_NULL_CONVERSION = YES;
				CLANG_WARN_OBJC_IMPLICIT_RETAIN_SELF = YES;
				CLANG_WARN_OBJC_LITERAL_CONVERSION = YES;
				CLANG_WARN_OBJC_ROOT_CLASS = YES_ERROR;
				CLANG_WARN_QUOTED_INCLUDE_IN_FRAMEWORK_HEADER = YES;
				CLANG_WARN_RANGE_LOOP_ANALYSIS = YES;
				CLANG_WARN_STRICT_PROTOTYPES = YES;
				CLANG_WARN_SUSPICIOUS_MOVE = YES;
				CLANG_WARN_UNGUARDED_AVAILABILITY = YES_AGGRESSIVE;
				CLANG_WARN_UNREACHABLE_CODE = YES;
				CLANG_WARN__DUPLICATE_METHOD_MATCH = YES;
				COPY_PHASE_STRIP = NO;
				DEBUG_INFORMATION_FORMAT = dwarf;
				ENABLE_STRICT_OBJC_MSGSEND = YES;
				ENABLE_TESTABILITY = YES;
				GCC_C_LANGUAGE_STANDARD = gnu11;
				GCC_DYNAMIC_NO_PIC = NO;
				GCC_NO_COMMON_BLOCKS = YES;
				GCC_OPTIMIZATION_LEVEL = 0;
				GCC_PREPROCESSOR_DEFINITIONS = (
					"DEBUG=1",
					"$(inherited)",
				);
				GCC_WARN_64_TO_32_BIT_CONVERSION = YES;
				GCC_WARN_ABOUT_RETURN_TYPE = YES_ERROR;
				GCC_WARN_UNDECLARED_SELECTOR = YES;
				GCC_WARN_UNINITIALIZED_AUTOS = YES_AGGRESSIVE;
				GCC_WARN_UNUSED_FUNCTION = YES;
				GCC_WARN_UNUSED_VARIABLE = YES;
				IPHONEOS_DEPLOYMENT_TARGET = 14.4;
				MTL_ENABLE_DEBUG_INFO = INCLUDE_SOURCE;
				MTL_FAST_MATH = YES;
				ONLY_ACTIVE_ARCH = YES;
				SDKROOT = iphoneos;
				SWIFT_ACTIVE_COMPILATION_CONDITIONS = DEBUG;
				SWIFT_OPTIMIZATION_LEVEL = "-Onone";
			};
			name = Debug;
		};
		B22D3D4425FF82C80023DAD3 /* Release */ = {
			isa = XCBuildConfiguration;
			buildSettings = {
				ALWAYS_SEARCH_USER_PATHS = NO;
				CLANG_ANALYZER_NONNULL = YES;
				CLANG_ANALYZER_NUMBER_OBJECT_CONVERSION = YES_AGGRESSIVE;
				CLANG_CXX_LANGUAGE_STANDARD = "gnu++14";
				CLANG_CXX_LIBRARY = "libc++";
				CLANG_ENABLE_MODULES = YES;
				CLANG_ENABLE_OBJC_ARC = YES;
				CLANG_ENABLE_OBJC_WEAK = YES;
				CLANG_WARN_BLOCK_CAPTURE_AUTORELEASING = YES;
				CLANG_WARN_BOOL_CONVERSION = YES;
				CLANG_WARN_COMMA = YES;
				CLANG_WARN_CONSTANT_CONVERSION = YES;
				CLANG_WARN_DEPRECATED_OBJC_IMPLEMENTATIONS = YES;
				CLANG_WARN_DIRECT_OBJC_ISA_USAGE = YES_ERROR;
				CLANG_WARN_DOCUMENTATION_COMMENTS = YES;
				CLANG_WARN_EMPTY_BODY = YES;
				CLANG_WARN_ENUM_CONVERSION = YES;
				CLANG_WARN_INFINITE_RECURSION = YES;
				CLANG_WARN_INT_CONVERSION = YES;
				CLANG_WARN_NON_LITERAL_NULL_CONVERSION = YES;
				CLANG_WARN_OBJC_IMPLICIT_RETAIN_SELF = YES;
				CLANG_WARN_OBJC_LITERAL_CONVERSION = YES;
				CLANG_WARN_OBJC_ROOT_CLASS = YES_ERROR;
				CLANG_WARN_QUOTED_INCLUDE_IN_FRAMEWORK_HEADER = YES;
				CLANG_WARN_RANGE_LOOP_ANALYSIS = YES;
				CLANG_WARN_STRICT_PROTOTYPES = YES;
				CLANG_WARN_SUSPICIOUS_MOVE = YES;
				CLANG_WARN_UNGUARDED_AVAILABILITY = YES_AGGRESSIVE;
				CLANG_WARN_UNREACHABLE_CODE = YES;
				CLANG_WARN__DUPLICATE_METHOD_MATCH = YES;
				COPY_PHASE_STRIP = NO;
				DEBUG_INFORMATION_FORMAT = "dwarf-with-dsym";
				ENABLE_NS_ASSERTIONS = NO;
				ENABLE_STRICT_OBJC_MSGSEND = YES;
				GCC_C_LANGUAGE_STANDARD = gnu11;
				GCC_NO_COMMON_BLOCKS = YES;
				GCC_WARN_64_TO_32_BIT_CONVERSION = YES;
				GCC_WARN_ABOUT_RETURN_TYPE = YES_ERROR;
				GCC_WARN_UNDECLARED_SELECTOR = YES;
				GCC_WARN_UNINITIALIZED_AUTOS = YES_AGGRESSIVE;
				GCC_WARN_UNUSED_FUNCTION = YES;
				GCC_WARN_UNUSED_VARIABLE = YES;
				IPHONEOS_DEPLOYMENT_TARGET = 14.4;
				MTL_ENABLE_DEBUG_INFO = NO;
				MTL_FAST_MATH = YES;
				SDKROOT = iphoneos;
				SWIFT_COMPILATION_MODE = wholemodule;
				SWIFT_OPTIMIZATION_LEVEL = "-O";
				VALIDATE_PRODUCT = YES;
			};
			name = Release;
		};
		B22D3D4625FF82C80023DAD3 /* Debug */ = {
			isa = XCBuildConfiguration;
			baseConfigurationReference = D1873110398628F6080541D2 /* Pods-apiApp.debug.xcconfig */;
			buildSettings = {
				ASSETCATALOG_COMPILER_APPICON_NAME = AppIcon;
				ASSETCATALOG_COMPILER_GLOBAL_ACCENT_COLOR_NAME = AccentColor;
				CODE_SIGN_STYLE = Automatic;
				DEVELOPMENT_TEAM = S8QK476L9H;
				INFOPLIST_FILE = apiApp/Info.plist;
				LD_RUNPATH_SEARCH_PATHS = (
					"$(inherited)",
					"@executable_path/Frameworks",
				);
				PRODUCT_BUNDLE_IDENTIFIER = xzips.apiApp;
				PRODUCT_NAME = "$(TARGET_NAME)";
				SWIFT_VERSION = 5.0;
				TARGETED_DEVICE_FAMILY = "1,2";
			};
			name = Debug;
		};
		B22D3D4725FF82C80023DAD3 /* Release */ = {
			isa = XCBuildConfiguration;
			baseConfigurationReference = 6033BA5F392232F099C679FB /* Pods-apiApp.release.xcconfig */;
			buildSettings = {
				ASSETCATALOG_COMPILER_APPICON_NAME = AppIcon;
				ASSETCATALOG_COMPILER_GLOBAL_ACCENT_COLOR_NAME = AccentColor;
				CODE_SIGN_STYLE = Automatic;
				DEVELOPMENT_TEAM = S8QK476L9H;
				INFOPLIST_FILE = apiApp/Info.plist;
				LD_RUNPATH_SEARCH_PATHS = (
					"$(inherited)",
					"@executable_path/Frameworks",
				);
				PRODUCT_BUNDLE_IDENTIFIER = xzips.apiApp;
				PRODUCT_NAME = "$(TARGET_NAME)";
				SWIFT_VERSION = 5.0;
				TARGETED_DEVICE_FAMILY = "1,2";
			};
			name = Release;
		};
		B2748F7C261E0A3E00370325 /* Debug */ = {
			isa = XCBuildConfiguration;
			buildSettings = {
				BUNDLE_LOADER = "$(TEST_HOST)";
				CODE_SIGN_STYLE = Automatic;
				DEVELOPMENT_TEAM = S8QK476L9H;
				INFOPLIST_FILE = apiAppTests/Info.plist;
				LD_RUNPATH_SEARCH_PATHS = (
					"$(inherited)",
					"@executable_path/Frameworks",
					"@loader_path/Frameworks",
				);
				PRODUCT_BUNDLE_IDENTIFIER = xzips.apiAppTests;
				PRODUCT_NAME = "$(TARGET_NAME)";
				SWIFT_VERSION = 5.0;
				TARGETED_DEVICE_FAMILY = "1,2";
				TEST_HOST = "$(BUILT_PRODUCTS_DIR)/apiApp.app/apiApp";
			};
			name = Debug;
		};
		B2748F7D261E0A3E00370325 /* Release */ = {
			isa = XCBuildConfiguration;
			buildSettings = {
				BUNDLE_LOADER = "$(TEST_HOST)";
				CODE_SIGN_STYLE = Automatic;
				DEVELOPMENT_TEAM = S8QK476L9H;
				INFOPLIST_FILE = apiAppTests/Info.plist;
				LD_RUNPATH_SEARCH_PATHS = (
					"$(inherited)",
					"@executable_path/Frameworks",
					"@loader_path/Frameworks",
				);
				PRODUCT_BUNDLE_IDENTIFIER = xzips.apiAppTests;
				PRODUCT_NAME = "$(TARGET_NAME)";
				SWIFT_VERSION = 5.0;
				TARGETED_DEVICE_FAMILY = "1,2";
				TEST_HOST = "$(BUILT_PRODUCTS_DIR)/apiApp.app/apiApp";
			};
			name = Release;
		};
/* End XCBuildConfiguration section */

/* Begin XCConfigurationList section */
		B22D3D2C25FF82C80023DAD3 /* Build configuration list for PBXProject "apiApp" */ = {
			isa = XCConfigurationList;
			buildConfigurations = (
				B22D3D4325FF82C80023DAD3 /* Debug */,
				B22D3D4425FF82C80023DAD3 /* Release */,
			);
			defaultConfigurationIsVisible = 0;
			defaultConfigurationName = Release;
		};
		B22D3D4525FF82C80023DAD3 /* Build configuration list for PBXNativeTarget "apiApp" */ = {
			isa = XCConfigurationList;
			buildConfigurations = (
				B22D3D4625FF82C80023DAD3 /* Debug */,
				B22D3D4725FF82C80023DAD3 /* Release */,
			);
			defaultConfigurationIsVisible = 0;
			defaultConfigurationName = Release;
		};
		B2748F7B261E0A3E00370325 /* Build configuration list for PBXNativeTarget "apiAppTests" */ = {
			isa = XCConfigurationList;
			buildConfigurations = (
				B2748F7C261E0A3E00370325 /* Debug */,
				B2748F7D261E0A3E00370325 /* Release */,
			);
			defaultConfigurationIsVisible = 0;
			defaultConfigurationName = Release;
		};
/* End XCConfigurationList section */
	};
	rootObject = B22D3D2925FF82C80023DAD3 /* Project object */;
}
